
Microsoft Visual Studio Solution File, Format Version 12.00
# Visual Studio Version 16
VisualStudioVersion = 16.0.31321.278
MinimumVisualStudioVersion = 10.0.40219.1
Project("{FAE04EC0-301F-11D3-BF4B-00C04F79EFBC}") = "StreamLogger", "StreamLogger\StreamLogger.csproj", "{1A708493-68A7-4C37-97D2-384CD90C7A9D}"
EndProject
Global
	GlobalSection(SolutionConfigurationPlatforms) = preSolution
		Debug|Any CPU = Debug|Any CPU
		Release|Any CPU = Release|Any CPU
	EndGlobalSection
	GlobalSection(ProjectConfigurationPlatforms) = postSolution
		{1A708493-68A7-4C37-97D2-384CD90C7A9D}.Debug|Any CPU.ActiveCfg = Debug|Any CPU
		{1A708493-68A7-4C37-97D2-384CD90C7A9D}.Debug|Any CPU.Build.0 = Debug|Any CPU
		{1A708493-68A7-4C37-97D2-384CD90C7A9D}.Release|Any CPU.ActiveCfg = Release|Any CPU
		{1A708493-68A7-4C37-97D2-384CD90C7A9D}.Release|Any CPU.Build.0 = Release|Any CPU
	EndGlobalSection
	GlobalSection(SolutionProperties) = preSolution
		HideSolutionNode = FALSE
	EndGlobalSection
	GlobalSection(ExtensibilityGlobals) = postSolution
		SolutionGuid = {2E9A7763-E3C5-4119-9550-60E00F4610C1}
	EndGlobalSection
EndGlobal
